// !$*UTF8*$!
{
	archiveVersion = 1;
	classes = {
	};
	objectVersion = 50;
	objects = {

/* Begin PBXBuildFile section */
		5656EB8B22D624C00005CF4A /* AppDelegate.swift in Sources */ = {isa = PBXBuildFile; fileRef = 5656EB8A22D624C00005CF4A /* AppDelegate.swift */; };
		5656EB8D22D624C00005CF4A /* ViewController.swift in Sources */ = {isa = PBXBuildFile; fileRef = 5656EB8C22D624C00005CF4A /* ViewController.swift */; };
		5656EB9022D624C00005CF4A /* Main.storyboard in Resources */ = {isa = PBXBuildFile; fileRef = 5656EB8E22D624C00005CF4A /* Main.storyboard */; };
		5656EB9222D624C20005CF4A /* Assets.xcassets in Resources */ = {isa = PBXBuildFile; fileRef = 5656EB9122D624C20005CF4A /* Assets.xcassets */; };
		5656EB9522D624C20005CF4A /* LaunchScreen.storyboard in Resources */ = {isa = PBXBuildFile; fileRef = 5656EB9322D624C20005CF4A /* LaunchScreen.storyboard */; };
		56D09B8422D630D0008BC34C /* AESUtil.swift in Sources */ = {isa = PBXBuildFile; fileRef = 56D09B8322D630D0008BC34C /* AESUtil.swift */; };
		A8DB9AD74068BDBB9142190B /* Pods_encryption_sample_project_ios.framework in Frameworks */ = {isa = PBXBuildFile; fileRef = F4E3D16440A9DCE934722338 /* Pods_encryption_sample_project_ios.framework */; };
/* End PBXBuildFile section */

/* Begin PBXFileReference section */
		5656EB8722D624C00005CF4A /* encryption-sample-project-ios.app */ = {isa = PBXFileReference; explicitFileType = wrapper.application; includeInIndex = 0; path = "encryption-sample-project-ios.app"; sourceTree = BUILT_PRODUCTS_DIR; };
		5656EB8A22D624C00005CF4A /* AppDelegate.swift */ = {isa = PBXFileReference; lastKnownFileType = sourcecode.swift; path = AppDelegate.swift; sourceTree = "<group>"; };
		5656EB8C22D624C00005CF4A /* ViewController.swift */ = {isa = PBXFileReference; lastKnownFileType = sourcecode.swift; path = ViewController.swift; sourceTree = "<group>"; };
		5656EB8F22D624C00005CF4A /* Base */ = {isa = PBXFileReference; lastKnownFileType = file.storyboard; name = Base; path = Base.lproj/Main.storyboard; sourceTree = "<group>"; };
		5656EB9122D624C20005CF4A /* Assets.xcassets */ = {isa = PBXFileReference; lastKnownFileType = folder.assetcatalog; path = Assets.xcassets; sourceTree = "<group>"; };
		5656EB9422D624C20005CF4A /* Base */ = {isa = PBXFileReference; lastKnownFileType = file.storyboard; name = Base; path = Base.lproj/LaunchScreen.storyboard; sourceTree = "<group>"; };
		5656EB9622D624C20005CF4A /* Info.plist */ = {isa = PBXFileReference; lastKnownFileType = text.plist.xml; path = Info.plist; sourceTree = "<group>"; };
		56D09B8322D630D0008BC34C /* AESUtil.swift */ = {isa = PBXFileReference; lastKnownFileType = sourcecode.swift; path = AESUtil.swift; sourceTree = "<group>"; };
		AF81935882BFDF33B3D4E376 /* Pods-encryption-sample-project-ios.debug.xcconfig */ = {isa = PBXFileReference; includeInIndex = 1; lastKnownFileType = text.xcconfig; name = "Pods-encryption-sample-project-ios.debug.xcconfig"; path = "Pods/Target Support Files/Pods-encryption-sample-project-ios/Pods-encryption-sample-project-ios.debug.xcconfig"; sourceTree = "<group>"; };
		BC3B20BADB1209AF06F9F497 /* Pods-encryption-sample-project-ios.release.xcconfig */ = {isa = PBXFileReference; includeInIndex = 1; lastKnownFileType = text.xcconfig; name = "Pods-encryption-sample-project-ios.release.xcconfig"; path = "Pods/Target Support Files/Pods-encryption-sample-project-ios/Pods-encryption-sample-project-ios.release.xcconfig"; sourceTree = "<group>"; };
		F4E3D16440A9DCE934722338 /* Pods_encryption_sample_project_ios.framework */ = {isa = PBXFileReference; explicitFileType = wrapper.framework; includeInIndex = 0; path = Pods_encryption_sample_project_ios.framework; sourceTree = BUILT_PRODUCTS_DIR; };
/* End PBXFileReference section */

/* Begin PBXFrameworksBuildPhase section */
		5656EB8422D624BF0005CF4A /* Frameworks */ = {
			isa = PBXFrameworksBuildPhase;
			buildActionMask = 2147483647;
			files = (
				A8DB9AD74068BDBB9142190B /* Pods_encryption_sample_project_ios.framework in Frameworks */,
			);
			runOnlyForDeploymentPostprocessing = 0;
		};
/* End PBXFrameworksBuildPhase section */

/* Begin PBXGroup section */
		5656EB7E22D624BF0005CF4A = {
			isa = PBXGroup;
			children = (
				5656EB8922D624C00005CF4A /* encryption-sample-project-ios */,
				5656EB8822D624C00005CF4A /* Products */,
				8E23AB1554CCDF4E2AE1D730 /* Pods */,
				78EFC3415276C9DDCECC7321 /* Frameworks */,
			);
			sourceTree = "<group>";
		};
		5656EB8822D624C00005CF4A /* Products */ = {
			isa = PBXGroup;
			children = (
				5656EB8722D624C00005CF4A /* encryption-sample-project-ios.app */,
			);
			name = Products;
			sourceTree = "<group>";
		};
		5656EB8922D624C00005CF4A /* encryption-sample-project-ios */ = {
			isa = PBXGroup;
			children = (
				5656EB8A22D624C00005CF4A /* AppDelegate.swift */,
				5656EB8C22D624C00005CF4A /* ViewController.swift */,
				5656EB8E22D624C00005CF4A /* Main.storyboard */,
				5656EB9122D624C20005CF4A /* Assets.xcassets */,
				5656EB9322D624C20005CF4A /* LaunchScreen.storyboard */,
				5656EB9622D624C20005CF4A /* Info.plist */,
				56D09B8322D630D0008BC34C /* AESUtil.swift */,
			);
			path = "encryption-sample-project-ios";
			sourceTree = "<group>";
		};
		78EFC3415276C9DDCECC7321 /* Frameworks */ = {
			isa = PBXGroup;
			children = (
				F4E3D16440A9DCE934722338 /* Pods_encryption_sample_project_ios.framework */,
			);
			name = Frameworks;
			sourceTree = "<group>";
		};
		8E23AB1554CCDF4E2AE1D730 /* Pods */ = {
			isa = PBXGroup;
			children = (
				AF81935882BFDF33B3D4E376 /* Pods-encryption-sample-project-ios.debug.xcconfig */,
				BC3B20BADB1209AF06F9F497 /* Pods-encryption-sample-project-ios.release.xcconfig */,
			);
			name = Pods;
			sourceTree = "<group>";
		};
/* End PBXGroup section */

/* Begin PBXNativeTarget section */
		5656EB8622D624BF0005CF4A /* encryption-sample-project-ios */ = {
			isa = PBXNativeTarget;
			buildConfigurationList = 5656EB9922D624C20005CF4A /* Build configuration list for PBXNativeTarget "encryption-sample-project-ios" */;
			buildPhases = (
				43FE72476E2AF0B6C2441629 /* [CP] Check Pods Manifest.lock */,
				5656EB8322D624BF0005CF4A /* Sources */,
				5656EB8422D624BF0005CF4A /* Frameworks */,
				5656EB8522D624BF0005CF4A /* Resources */,
				69D1D89B9A970E497B3ED251 /* [CP] Embed Pods Frameworks */,
			);
			buildRules = (
			);
			dependencies = (
			);
			name = "encryption-sample-project-ios";
			productName = "encryption-sample-project-ios";
			productReference = 5656EB8722D624C00005CF4A /* encryption-sample-project-ios.app */;
			productType = "com.apple.product-type.application";
		};
/* End PBXNativeTarget section */

/* Begin PBXProject section */
		5656EB7F22D624BF0005CF4A /* Project object */ = {
			isa = PBXProject;
			attributes = {
				LastSwiftUpdateCheck = 1020;
				LastUpgradeCheck = 1020;
				ORGANIZATIONNAME = "Dmitry Kolesnikovich";
				TargetAttributes = {
					5656EB8622D624BF0005CF4A = {
						CreatedOnToolsVersion = 10.2.1;
					};
				};
			};
			buildConfigurationList = 5656EB8222D624BF0005CF4A /* Build configuration list for PBXProject "encryption-sample-project-ios" */;
			compatibilityVersion = "Xcode 9.3";
			developmentRegion = en;
			hasScannedForEncodings = 0;
			knownRegions = (
				en,
				Base,
			);
			mainGroup = 5656EB7E22D624BF0005CF4A;
			productRefGroup = 5656EB8822D624C00005CF4A /* Products */;
			projectDirPath = "";
			projectRoot = "";
			targets = (
				5656EB8622D624BF0005CF4A /* encryption-sample-project-ios */,
			);
		};
/* End PBXProject section */

/* Begin PBXResourcesBuildPhase section */
		5656EB8522D624BF0005CF4A /* Resources */ = {
			isa = PBXResourcesBuildPhase;
			buildActionMask = 2147483647;
			files = (
				5656EB9522D624C20005CF4A /* LaunchScreen.storyboard in Resources */,
				5656EB9222D624C20005CF4A /* Assets.xcassets in Resources */,
				5656EB9022D624C00005CF4A /* Main.storyboard in Resources */,
			);
			runOnlyForDeploymentPostprocessing = 0;
		};
/* End PBXResourcesBuildPhase section */

/* Begin PBXShellScriptBuildPhase section */
		43FE72476E2AF0B6C2441629 /* [CP] Check Pods Manifest.lock */ = {
			isa = PBXShellScriptBuildPhase;
			buildActionMask = 2147483647;
			files = (
			);
			inputPaths = (
				"${PODS_PODFILE_DIR_PATH}/Podfile.lock",
				"${PODS_ROOT}/Manifest.lock",
			);
			name = "[CP] Check Pods Manifest.lock";
			outputPaths = (
				"$(DERIVED_FILE_DIR)/Pods-encryption-sample-project-ios-checkManifestLockResult.txt",
			);
			runOnlyForDeploymentPostprocessing = 0;
			shellPath = /bin/sh;
			shellScript = "diff \"${PODS_PODFILE_DIR_PATH}/Podfile.lock\" \"${PODS_ROOT}/Manifest.lock\" > /dev/null\nif [ $? != 0 ] ; then\n    # print error to STDERR\n    echo \"error: The sandbox is not in sync with the Podfile.lock. Run 'pod install' or update your CocoaPods installation.\" >&2\n    exit 1\nfi\n# This output is used by Xcode 'outputs' to avoid re-running this script phase.\necho \"SUCCESS\" > \"${SCRIPT_OUTPUT_FILE_0}\"\n";
			showEnvVarsInLog = 0;
		};
		69D1D89B9A970E497B3ED251 /* [CP] Embed Pods Frameworks */ = {
			isa = PBXShellScriptBuildPhase;
			buildActionMask = 2147483647;
			files = (
			);
			inputPaths = (
				"${SRCROOT}/Pods/Target Support Files/Pods-encryption-sample-project-ios/Pods-encryption-sample-project-ios-frameworks.sh",
				"${BUILT_PRODUCTS_DIR}/SwiftyRSA/SwiftyRSA.framework",
			);
			name = "[CP] Embed Pods Frameworks";
			outputPaths = (
				"${TARGET_BUILD_DIR}/${FRAMEWORKS_FOLDER_PATH}/SwiftyRSA.framework",
			);
			runOnlyForDeploymentPostprocessing = 0;
			shellPath = /bin/sh;
			shellScript = "\"${SRCROOT}/Pods/Target Support Files/Pods-encryption-sample-project-ios/Pods-encryption-sample-project-ios-frameworks.sh\"\n";
			showEnvVarsInLog = 0;
		};
/* End PBXShellScriptBuildPhase section */

/* Begin PBXSourcesBuildPhase section */
		5656EB8322D624BF0005CF4A /* Sources */ = {
			isa = PBXSourcesBuildPhase;
			buildActionMask = 2147483647;
			files = (
				56D09B8422D630D0008BC34C /* AESUtil.swift in Sources */,
				5656EB8D22D624C00005CF4A /* ViewController.swift in Sources */,
				5656EB8B22D624C00005CF4A /* AppDelegate.swift in Sources */,
			);
			runOnlyForDeploymentPostprocessing = 0;
		};
/* End PBXSourcesBuildPhase section */

/* Begin PBXVariantGroup section */
		5656EB8E22D624C00005CF4A /* Main.storyboard */ = {
			isa = PBXVariantGroup;
			children = (
				5656EB8F22D624C00005CF4A /* Base */,
			);
			name = Main.storyboard;
			sourceTree = "<group>";
		};
		5656EB9322D624C20005CF4A /* LaunchScreen.storyboard */ = {
			isa = PBXVariantGroup;
			children = (
				5656EB9422D624C20005CF4A /* Base */,
			);
			name = LaunchScreen.storyboard;
			sourceTree = "<group>";
		};
/* End PBXVariantGroup section */

/* Begin XCBuildConfiguration section */
		5656EB9722D624C20005CF4A /* Debug */ = {
			isa = XCBuildConfiguration;
			buildSettings = {
				ALWAYS_SEARCH_USER_PATHS = NO;
				CLANG_ANALYZER_NONNULL = YES;
				CLANG_ANALYZER_NUMBER_OBJECT_CONVERSION = YES_AGGRESSIVE;
				CLANG_CXX_LANGUAGE_STANDARD = "gnu++14";
				CLANG_CXX_LIBRARY = "libc++";
				CLANG_ENABLE_MODULES = YES;
				CLANG_ENABLE_OBJC_ARC = YES;
				CLANG_ENABLE_OBJC_WEAK = YES;
				CLANG_WARN_BLOCK_CAPTURE_AUTORELEASING = YES;
				CLANG_WARN_BOOL_CONVERSION = YES;
				CLANG_WARN_COMMA = YES;
				CLANG_WARN_CONSTANT_CONVERSION = YES;
				CLANG_WARN_DEPRECATED_OBJC_IMPLEMENTATIONS = YES;
				CLANG_WARN_DIRECT_OBJC_ISA_USAGE = YES_ERROR;
				CLANG_WARN_DOCUMENTATION_COMMENTS = YES;
				CLANG_WARN_EMPTY_BODY = YES;
				CLANG_WARN_ENUM_CONVERSION = YES;
				CLANG_WARN_INFINITE_RECURSION = YES;
				CLANG_WARN_INT_CONVERSION = YES;
				CLANG_WARN_NON_LITERAL_NULL_CONVERSION = YES;
				CLANG_WARN_OBJC_IMPLICIT_RETAIN_SELF = YES;
				CLANG_WARN_OBJC_LITERAL_CONVERSION = YES;
				CLANG_WARN_OBJC_ROOT_CLASS = YES_ERROR;
				CLANG_WARN_RANGE_LOOP_ANALYSIS = YES;
				CLANG_WARN_STRICT_PROTOTYPES = YES;
				CLANG_WARN_SUSPICIOUS_MOVE = YES;
				CLANG_WARN_UNGUARDED_AVAILABILITY = YES_AGGRESSIVE;
				CLANG_WARN_UNREACHABLE_CODE = YES;
				CLANG_WARN__DUPLICATE_METHOD_MATCH = YES;
				CODE_SIGN_IDENTITY = "iPhone Developer";
				COPY_PHASE_STRIP = NO;
				DEBUG_INFORMATION_FORMAT = dwarf;
				ENABLE_STRICT_OBJC_MSGSEND = YES;
				ENABLE_TESTABILITY = YES;
				GCC_C_LANGUAGE_STANDARD = gnu11;
				GCC_DYNAMIC_NO_PIC = NO;
				GCC_NO_COMMON_BLOCKS = YES;
				GCC_OPTIMIZATION_LEVEL = 0;
				GCC_PREPROCESSOR_DEFINITIONS = (
					"DEBUG=1",
					"$(inherited)",
				);
				GCC_WARN_64_TO_32_BIT_CONVERSION = YES;
				GCC_WARN_ABOUT_RETURN_TYPE = YES_ERROR;
				GCC_WARN_UNDECLARED_SELECTOR = YES;
				GCC_WARN_UNINITIALIZED_AUTOS = YES_AGGRESSIVE;
				GCC_WARN_UNUSED_FUNCTION = YES;
				GCC_WARN_UNUSED_VARIABLE = YES;
				IPHONEOS_DEPLOYMENT_TARGET = 12.2;
				MTL_ENABLE_DEBUG_INFO = INCLUDE_SOURCE;
				MTL_FAST_MATH = YES;
				ONLY_ACTIVE_ARCH = YES;
				SDKROOT = iphoneos;
				SWIFT_ACTIVE_COMPILATION_CONDITIONS = DEBUG;
				SWIFT_OPTIMIZATION_LEVEL = "-Onone";
			};
			name = Debug;
		};
		5656EB9822D624C20005CF4A /* Release */ = {
			isa = XCBuildConfiguration;
			buildSettings = {
				ALWAYS_SEARCH_USER_PATHS = NO;
				CLANG_ANALYZER_NONNULL = YES;
				CLANG_ANALYZER_NUMBER_OBJECT_CONVERSION = YES_AGGRESSIVE;
				CLANG_CXX_LANGUAGE_STANDARD = "gnu++14";
				CLANG_CXX_LIBRARY = "libc++";
				CLANG_ENABLE_MODULES = YES;
				CLANG_ENABLE_OBJC_ARC = YES;
				CLANG_ENABLE_OBJC_WEAK = YES;
				CLANG_WARN_BLOCK_CAPTURE_AUTORELEASING = YES;
				CLANG_WARN_BOOL_CONVERSION = YES;
				CLANG_WARN_COMMA = YES;
				CLANG_WARN_CONSTANT_CONVERSION = YES;
				CLANG_WARN_DEPRECATED_OBJC_IMPLEMENTATIONS = YES;
				CLANG_WARN_DIRECT_OBJC_ISA_USAGE = YES_ERROR;
				CLANG_WARN_DOCUMENTATION_COMMENTS = YES;
				CLANG_WARN_EMPTY_BODY = YES;
				CLANG_WARN_ENUM_CONVERSION = YES;
				CLANG_WARN_INFINITE_RECURSION = YES;
				CLANG_WARN_INT_CONVERSION = YES;
				CLANG_WARN_NON_LITERAL_NULL_CONVERSION = YES;
				CLANG_WARN_OBJC_IMPLICIT_RETAIN_SELF = YES;
				CLANG_WARN_OBJC_LITERAL_CONVERSION = YES;
				CLANG_WARN_OBJC_ROOT_CLASS = YES_ERROR;
				CLANG_WARN_RANGE_LOOP_ANALYSIS = YES;
				CLANG_WARN_STRICT_PROTOTYPES = YES;
				CLANG_WARN_SUSPICIOUS_MOVE = YES;
				CLANG_WARN_UNGUARDED_AVAILABILITY = YES_AGGRESSIVE;
				CLANG_WARN_UNREACHABLE_CODE = YES;
				CLANG_WARN__DUPLICATE_METHOD_MATCH = YES;
				CODE_SIGN_IDENTITY = "iPhone Developer";
				COPY_PHASE_STRIP = NO;
				DEBUG_INFORMATION_FORMAT = "dwarf-with-dsym";
				ENABLE_NS_ASSERTIONS = NO;
				ENABLE_STRICT_OBJC_MSGSEND = YES;
				GCC_C_LANGUAGE_STANDARD = gnu11;
				GCC_NO_COMMON_BLOCKS = YES;
				GCC_WARN_64_TO_32_BIT_CONVERSION = YES;
				GCC_WARN_ABOUT_RETURN_TYPE = YES_ERROR;
				GCC_WARN_UNDECLARED_SELECTOR = YES;
				GCC_WARN_UNINITIALIZED_AUTOS = YES_AGGRESSIVE;
				GCC_WARN_UNUSED_FUNCTION = YES;
				GCC_WARN_UNUSED_VARIABLE = YES;
				IPHONEOS_DEPLOYMENT_TARGET = 12.2;
				MTL_ENABLE_DEBUG_INFO = NO;
				MTL_FAST_MATH = YES;
				SDKROOT = iphoneos;
				SWIFT_COMPILATION_MODE = wholemodule;
				SWIFT_OPTIMIZATION_LEVEL = "-O";
				VALIDATE_PRODUCT = YES;
			};
			name = Release;
		};
		5656EB9A22D624C20005CF4A /* Debug */ = {
			isa = XCBuildConfiguration;
			baseConfigurationReference = AF81935882BFDF33B3D4E376 /* Pods-encryption-sample-project-ios.debug.xcconfig */;
			buildSettings = {
				ASSETCATALOG_COMPILER_APPICON_NAME = AppIcon;
				CODE_SIGN_STYLE = Automatic;
				DEVELOPMENT_TEAM = 24ZYCJSH69;
				INFOPLIST_FILE = "encryption-sample-project-ios/Info.plist";
				LD_RUNPATH_SEARCH_PATHS = (
					"$(inherited)",
					"@executable_path/Frameworks",
				);
				PRODUCT_BUNDLE_IDENTIFIER = "dmitrykolesnikovich.encryption-sample-project-ios";
				PRODUCT_NAME = "$(TARGET_NAME)";
				SWIFT_VERSION = 5.0;
				TARGETED_DEVICE_FAMILY = "1,2";
			};
			name = Debug;
		};
		5656EB9B22D624C20005CF4A /* Release */ = {
			isa = XCBuildConfiguration;
			baseConfigurationReference = BC3B20BADB1209AF06F9F497 /* Pods-encryption-sample-project-ios.release.xcconfig */;
			buildSettings = {
				ASSETCATALOG_COMPILER_APPICON_NAME = AppIcon;
				CODE_SIGN_STYLE = Automatic;
				DEVELOPMENT_TEAM = 24ZYCJSH69;
				INFOPLIST_FILE = "encryption-sample-project-ios/Info.plist";
				LD_RUNPATH_SEARCH_PATHS = (
					"$(inherited)",
					"@executable_path/Frameworks",
				);
				PRODUCT_BUNDLE_IDENTIFIER = "dmitrykolesnikovich.encryption-sample-project-ios";
				PRODUCT_NAME = "$(TARGET_NAME)";
				SWIFT_VERSION = 5.0;
				TARGETED_DEVICE_FAMILY = "1,2";
			};
			name = Release;
		};
/* End XCBuildConfiguration section */

/* Begin XCConfigurationList section */
		5656EB8222D624BF0005CF4A /* Build configuration list for PBXProject "encryption-sample-project-ios" */ = {
			isa = XCConfigurationList;
			buildConfigurations = (
				5656EB9722D624C20005CF4A /* Debug */,
				5656EB9822D624C20005CF4A /* Release */,
			);
			defaultConfigurationIsVisible = 0;
			defaultConfigurationName = Release;
		};
		5656EB9922D624C20005CF4A /* Build configuration list for PBXNativeTarget "encryption-sample-project-ios" */ = {
			isa = XCConfigurationList;
			buildConfigurations = (
				5656EB9A22D624C20005CF4A /* Debug */,
				5656EB9B22D624C20005CF4A /* Release */,
			);
			defaultConfigurationIsVisible = 0;
			defaultConfigurationName = Release;
		};
/* End XCConfigurationList section */
	};
	rootObject = 5656EB7F22D624BF0005CF4A /* Project object */;
}
